
Microsoft Visual Studio Solution File, Format Version 12.00
# Visual Studio Version 17
VisualStudioVersion = 17.5.002.0
MinimumVisualStudioVersion = 10.0.40219.1
Project("{9A19103F-16F7-4668-BE54-9A1E7A4F7556}") = "Exercise4", "Exercise4.csproj", "{B1B1B10C-301B-4E77-BCAB-2E7D55565701}"
EndProject
Global
	GlobalSection(SolutionConfigurationPlatforms) = preSolution
		Debug|Any CPU = Debug|Any CPU
		Release|Any CPU = Release|Any CPU
	EndGlobalSection
	GlobalSection(ProjectConfigurationPlatforms) = postSolution
		{B1B1B10C-301B-4E77-BCAB-2E7D55565701}.Debug|Any CPU.ActiveCfg = Debug|Any CPU
		{B1B1B10C-301B-4E77-BCAB-2E7D55565701}.Debug|Any CPU.Build.0 = Debug|Any CPU
		{B1B1B10C-301B-4E77-BCAB-2E7D55565701}.Release|Any CPU.ActiveCfg = Release|Any CPU
		{B1B1B10C-301B-4E77-BCAB-2E7D55565701}.Release|Any CPU.Build.0 = Release|Any CPU
	EndGlobalSection
	GlobalSection(SolutionProperties) = preSolution
		HideSolutionNode = FALSE
	EndGlobalSection
	GlobalSection(ExtensibilityGlobals) = postSolution
		SolutionGuid = {0DF1775E-E4BE-452F-A695-88AC1BFC7CB6}
	EndGlobalSection
EndGlobal
